
Microsoft Visual Studio Solution File, Format Version 12.00
# Visual Studio Version 16
VisualStudioVersion = 16.0.31702.278
MinimumVisualStudioVersion = 10.0.40219.1
Project("{9A19103F-16F7-4668-BE54-9A1E7A4F7556}") = "DataAccess", "DataAccess\DataAccess.csproj", "{EE9BA52F-5C15-4B82-B0A1-3960523CE70D}"
EndProject
Project("{9A19103F-16F7-4668-BE54-9A1E7A4F7556}") = "Business", "Business\Business.csproj", "{66C5EA08-80F3-417E-ABBC-67602F546162}"
EndProject
Project("{9A19103F-16F7-4668-BE54-9A1E7A4F7556}") = "Entities", "Entities\Entities.csproj", "{EC7BA5B5-2E34-4FC7-A9D8-9A6A20D5DED9}"
EndProject
Project("{9A19103F-16F7-4668-BE54-9A1E7A4F7556}") = "ConsoleUI", "ConsoleUI\ConsoleUI.csproj", "{E6D453C8-6A47-4E87-B08D-A4EE43A8185B}"
EndProject
Project("{9A19103F-16F7-4668-BE54-9A1E7A4F7556}") = "Core", "Core\Core.csproj", "{C9692905-A680-43EA-A28E-D6872E9C180B}"
EndProject
Project("{FAE04EC0-301F-11D3-BF4B-00C04F79EFBC}") = "WebAPI", "WebAPI\WebAPI.csproj", "{225703CD-15A7-449A-B841-78311F83611A}"
EndProject
Global
	GlobalSection(SolutionConfigurationPlatforms) = preSolution
		Debug|Any CPU = Debug|Any CPU
		Release|Any CPU = Release|Any CPU
	EndGlobalSection
	GlobalSection(ProjectConfigurationPlatforms) = postSolution
		{EE9BA52F-5C15-4B82-B0A1-3960523CE70D}.Debug|Any CPU.ActiveCfg = Debug|Any CPU
		{EE9BA52F-5C15-4B82-B0A1-3960523CE70D}.Debug|Any CPU.Build.0 = Debug|Any CPU
		{EE9BA52F-5C15-4B82-B0A1-3960523CE70D}.Release|Any CPU.ActiveCfg = Release|Any CPU
		{EE9BA52F-5C15-4B82-B0A1-3960523CE70D}.Release|Any CPU.Build.0 = Release|Any CPU
		{66C5EA08-80F3-417E-ABBC-67602F546162}.Debug|Any CPU.ActiveCfg = Debug|Any CPU
		{66C5EA08-80F3-417E-ABBC-67602F546162}.Debug|Any CPU.Build.0 = Debug|Any CPU
		{66C5EA08-80F3-417E-ABBC-67602F546162}.Release|Any CPU.ActiveCfg = Release|Any CPU
		{66C5EA08-80F3-417E-ABBC-67602F546162}.Release|Any CPU.Build.0 = Release|Any CPU
		{EC7BA5B5-2E34-4FC7-A9D8-9A6A20D5DED9}.Debug|Any CPU.ActiveCfg = Debug|Any CPU
		{EC7BA5B5-2E34-4FC7-A9D8-9A6A20D5DED9}.Debug|Any CPU.Build.0 = Debug|Any CPU
		{EC7BA5B5-2E34-4FC7-A9D8-9A6A20D5DED9}.Release|Any CPU.ActiveCfg = Release|Any CPU
		{EC7BA5B5-2E34-4FC7-A9D8-9A6A20D5DED9}.Release|Any CPU.Build.0 = Release|Any CPU
		{E6D453C8-6A47-4E87-B08D-A4EE43A8185B}.Debug|Any CPU.ActiveCfg = Debug|Any CPU
		{E6D453C8-6A47-4E87-B08D-A4EE43A8185B}.Debug|Any CPU.Build.0 = Debug|Any CPU
		{E6D453C8-6A47-4E87-B08D-A4EE43A8185B}.Release|Any CPU.ActiveCfg = Release|Any CPU
		{E6D453C8-6A47-4E87-B08D-A4EE43A8185B}.Release|Any CPU.Build.0 = Release|Any CPU
		{C9692905-A680-43EA-A28E-D6872E9C180B}.Debug|Any CPU.ActiveCfg = Debug|Any CPU
		{C9692905-A680-43EA-A28E-D6872E9C180B}.Debug|Any CPU.Build.0 = Debug|Any CPU
		{C9692905-A680-43EA-A28E-D6872E9C180B}.Release|Any CPU.ActiveCfg = Release|Any CPU
		{C9692905-A680-43EA-A28E-D6872E9C180B}.Release|Any CPU.Build.0 = Release|Any CPU
		{225703CD-15A7-449A-B841-78311F83611A}.Debug|Any CPU.ActiveCfg = Debug|Any CPU
		{225703CD-15A7-449A-B841-78311F83611A}.Debug|Any CPU.Build.0 = Debug|Any CPU
		{225703CD-15A7-449A-B841-78311F83611A}.Release|Any CPU.ActiveCfg = Release|Any CPU
		{225703CD-15A7-449A-B841-78311F83611A}.Release|Any CPU.Build.0 = Release|Any CPU
	EndGlobalSection
	GlobalSection(SolutionProperties) = preSolution
		HideSolutionNode = FALSE
	EndGlobalSection
	GlobalSection(ExtensibilityGlobals) = postSolution
		SolutionGuid = {8568ADE4-E03E-464B-99D0-E7D54E5B1022}
	EndGlobalSection
EndGlobal
